schema: '2.0'
stages:
  train:
    cmd: python model/train.py
    deps:
    - path: data/creditcard.csv
      hash: md5
      md5: e90efcb83d69faf99fcab8b0255024de
      size: 150828752
    - path: model/train.py
      hash: md5
      md5: d1bc276bf833518ffc9ad57b8a8d2a70
      size: 7508
    outs:
    - path: model/fraud_model.pkl
      hash: md5
      md5: 8eb257943705374c616f47be8db3b610
      size: 318030
    - path: model/metadata.json
      hash: md5
      md5: 5029662fd03f5c0791257fb6353e4a6e
      size: 1005
    - path: model/reference_sample.parquet
      hash: md5
      md5: f220227276bfd464ce057dfd87241e35
      size: 2902510
    - path: model/scaler.pkl
      hash: md5
      md5: 619e9e95abd6acbbecec8d6a0cde24ee
      size: 983
    - path: model/shap_summary.png
      hash: md5
      md5: 96f46c677ead340c09764d37dab93220
      size: 188838
